
Microsoft Visual Studio Solution File, Format Version 12.00
# Visual Studio Version 17
VisualStudioVersion = 17.14.36109.1 d17.14
MinimumVisualStudioVersion = 10.0.40219.1
Project("{FAE04EC0-301F-11D3-BF4B-00C04F79EFBC}") = "PFerramenta0030482421016", "PFerramenta0030482421016\PFerramenta0030482421016.csproj", "{F938D320-9474-4E2E-8459-FEF92678B0CF}"
EndProject
Global
	GlobalSection(SolutionConfigurationPlatforms) = preSolution
		Debug|Any CPU = Debug|Any CPU
		Release|Any CPU = Release|Any CPU
	EndGlobalSection
	GlobalSection(ProjectConfigurationPlatforms) = postSolution
		{F938D320-9474-4E2E-8459-FEF92678B0CF}.Debug|Any CPU.ActiveCfg = Debug|Any CPU
		{F938D320-9474-4E2E-8459-FEF92678B0CF}.Debug|Any CPU.Build.0 = Debug|Any CPU
		{F938D320-9474-4E2E-8459-FEF92678B0CF}.Release|Any CPU.ActiveCfg = Release|Any CPU
		{F938D320-9474-4E2E-8459-FEF92678B0CF}.Release|Any CPU.Build.0 = Release|Any CPU
	EndGlobalSection
	GlobalSection(SolutionProperties) = preSolution
		HideSolutionNode = FALSE
	EndGlobalSection
	GlobalSection(ExtensibilityGlobals) = postSolution
		SolutionGuid = {000ABEBA-BD14-4040-BB30-6CF424574EAE}
	EndGlobalSection
EndGlobal
